
Microsoft Visual Studio Solution File, Format Version 12.00
# Visual Studio Version 16
VisualStudioVersion = 16.0.31624.102
MinimumVisualStudioVersion = 10.0.40219.1
Project("{FAE04EC0-301F-11D3-BF4B-00C04F79EFBC}") = "ProjectA", "ProjectA\ProjectA.csproj", "{0E4D8A24-BBDB-428D-B3BD-F08972D84B08}"
EndProject
Project("{FAE04EC0-301F-11D3-BF4B-00C04F79EFBC}") = "ProjectB", "ProjectB\ProjectB.csproj", "{A18CC200-9681-4028-A3DF-81C5D367B295}"
EndProject
Project("{FAE04EC0-301F-11D3-BF4B-00C04F79EFBC}") = "ProjectC", "ProjectC\ProjectC.csproj", "{602D0F0C-5B04-400D-B8D3-F8AB16A02845}"
EndProject
Global
	GlobalSection(SolutionConfigurationPlatforms) = preSolution
		Debug|Any CPU = Debug|Any CPU
		Release|Any CPU = Release|Any CPU
	EndGlobalSection
	GlobalSection(ProjectConfigurationPlatforms) = postSolution
		{0E4D8A24-BBDB-428D-B3BD-F08972D84B08}.Debug|Any CPU.ActiveCfg = Debug|Any CPU
		{0E4D8A24-BBDB-428D-B3BD-F08972D84B08}.Debug|Any CPU.Build.0 = Debug|Any CPU
		{0E4D8A24-BBDB-428D-B3BD-F08972D84B08}.Release|Any CPU.ActiveCfg = Release|Any CPU
		{0E4D8A24-BBDB-428D-B3BD-F08972D84B08}.Release|Any CPU.Build.0 = Release|Any CPU
		{A18CC200-9681-4028-A3DF-81C5D367B295}.Debug|Any CPU.ActiveCfg = Debug|Any CPU
		{A18CC200-9681-4028-A3DF-81C5D367B295}.Debug|Any CPU.Build.0 = Debug|Any CPU
		{A18CC200-9681-4028-A3DF-81C5D367B295}.Release|Any CPU.ActiveCfg = Release|Any CPU
		{A18CC200-9681-4028-A3DF-81C5D367B295}.Release|Any CPU.Build.0 = Release|Any CPU
		{602D0F0C-5B04-400D-B8D3-F8AB16A02845}.Debug|Any CPU.ActiveCfg = Debug|Any CPU
		{602D0F0C-5B04-400D-B8D3-F8AB16A02845}.Debug|Any CPU.Build.0 = Debug|Any CPU
		{602D0F0C-5B04-400D-B8D3-F8AB16A02845}.Release|Any CPU.ActiveCfg = Release|Any CPU
		{602D0F0C-5B04-400D-B8D3-F8AB16A02845}.Release|Any CPU.Build.0 = Release|Any CPU
	EndGlobalSection
	GlobalSection(SolutionProperties) = preSolution
		HideSolutionNode = FALSE
	EndGlobalSection
	GlobalSection(ExtensibilityGlobals) = postSolution
		SolutionGuid = {E9914A4E-BBD9-48E7-96EC-488A27FF45ED}
	EndGlobalSection
EndGlobal
